// !$*UTF8*$!
{
	archiveVersion = 1;
	classes = {
	};
	objectVersion = 55;
	objects = {

/* Begin PBXBuildFile section */
		1773B607280A4FF4008DBCEE /* RegisterViewController.swift in Sources */ = {isa = PBXBuildFile; fileRef = 1773B606280A4FF3008DBCEE /* RegisterViewController.swift */; };
		1780C82B280A638A00BCB424 /* ForgotPassword.xib in Resources */ = {isa = PBXBuildFile; fileRef = 1780C82A280A638A00BCB424 /* ForgotPassword.xib */; };
		1780C82D280A639800BCB424 /* ForgotPassword.swift in Sources */ = {isa = PBXBuildFile; fileRef = 1780C82C280A639800BCB424 /* ForgotPassword.swift */; };
		1780C82F280A660C00BCB424 /* ForgotPasswordViewController.swift in Sources */ = {isa = PBXBuildFile; fileRef = 1780C82E280A660C00BCB424 /* ForgotPasswordViewController.swift */; };
		1780C832280A67BA00BCB424 /* Message.xib in Resources */ = {isa = PBXBuildFile; fileRef = 1780C831280A67BA00BCB424 /* Message.xib */; };
		1780C834280A6F3D00BCB424 /* Message.swift in Sources */ = {isa = PBXBuildFile; fileRef = 1780C833280A6F3D00BCB424 /* Message.swift */; };
		1780C837280A738800BCB424 /* UserAvatarCell.swift in Sources */ = {isa = PBXBuildFile; fileRef = 1780C835280A738800BCB424 /* UserAvatarCell.swift */; };
		1780C838280A738800BCB424 /* UserAvatarCell.xib in Resources */ = {isa = PBXBuildFile; fileRef = 1780C836280A738800BCB424 /* UserAvatarCell.xib */; };
		1780C83B280A8EC600BCB424 /* MessageCell.swift in Sources */ = {isa = PBXBuildFile; fileRef = 1780C839280A8EC600BCB424 /* MessageCell.swift */; };
		1780C83C280A8EC600BCB424 /* MessageCell.xib in Resources */ = {isa = PBXBuildFile; fileRef = 1780C83A280A8EC600BCB424 /* MessageCell.xib */; };
		17A90F0427FE746A0068B0A4 /* AppDelegate.swift in Sources */ = {isa = PBXBuildFile; fileRef = 17A90F0327FE746A0068B0A4 /* AppDelegate.swift */; };
		17A90F0627FE746A0068B0A4 /* SceneDelegate.swift in Sources */ = {isa = PBXBuildFile; fileRef = 17A90F0527FE746A0068B0A4 /* SceneDelegate.swift */; };
		17A90F0827FE746A0068B0A4 /* LoginController.swift in Sources */ = {isa = PBXBuildFile; fileRef = 17A90F0727FE746A0068B0A4 /* LoginController.swift */; };
		17A90F0B27FE746A0068B0A4 /* Main.storyboard in Resources */ = {isa = PBXBuildFile; fileRef = 17A90F0927FE746A0068B0A4 /* Main.storyboard */; };
		17A90F0E27FE746A0068B0A4 /* chatApp_clone.xcdatamodeld in Sources */ = {isa = PBXBuildFile; fileRef = 17A90F0C27FE746A0068B0A4 /* chatApp_clone.xcdatamodeld */; };
		17A90F1027FE746E0068B0A4 /* Assets.xcassets in Resources */ = {isa = PBXBuildFile; fileRef = 17A90F0F27FE746E0068B0A4 /* Assets.xcassets */; };
		17A90F1327FE746E0068B0A4 /* LaunchScreen.storyboard in Resources */ = {isa = PBXBuildFile; fileRef = 17A90F1127FE746E0068B0A4 /* LaunchScreen.storyboard */; };
		17A90F1B27FE784C0068B0A4 /* LaunchScreen.swift in Sources */ = {isa = PBXBuildFile; fileRef = 17A90F1A27FE784C0068B0A4 /* LaunchScreen.swift */; };
		17A90F2027FE7D0F0068B0A4 /* LanchingScreen.xib in Resources */ = {isa = PBXBuildFile; fileRef = 17A90F1F27FE7D0E0068B0A4 /* LanchingScreen.xib */; };
		17A90F2327FE8A4C0068B0A4 /* Login.xib in Resources */ = {isa = PBXBuildFile; fileRef = 17A90F2227FE8A4C0068B0A4 /* Login.xib */; };
		17BE2FED2800901300F7800E /* Login.swift in Sources */ = {isa = PBXBuildFile; fileRef = 17BE2FEC2800901300F7800E /* Login.swift */; };
		17BE2FEF2800954D00F7800E /* Extension.swift in Sources */ = {isa = PBXBuildFile; fileRef = 17BE2FEE2800954C00F7800E /* Extension.swift */; };
		17BE2FF22803D72600F7800E /* LaunchingController.swift in Sources */ = {isa = PBXBuildFile; fileRef = 17BE2FF12803D72600F7800E /* LaunchingController.swift */; };
		17BE2FF42803D73C00F7800E /* MenuController.swift in Sources */ = {isa = PBXBuildFile; fileRef = 17BE2FF32803D73C00F7800E /* MenuController.swift */; };
		17BE2FF72803DDAF00F7800E /* Register.xib in Resources */ = {isa = PBXBuildFile; fileRef = 17BE2FF62803DDAF00F7800E /* Register.xib */; };
		17BE2FF928050A9100F7800E /* Register.swift in Sources */ = {isa = PBXBuildFile; fileRef = 17BE2FF828050A9000F7800E /* Register.swift */; };
/* End PBXBuildFile section */

/* Begin PBXFileReference section */
		1773B606280A4FF3008DBCEE /* RegisterViewController.swift */ = {isa = PBXFileReference; lastKnownFileType = sourcecode.swift; path = RegisterViewController.swift; sourceTree = "<group>"; };
		1780C82A280A638A00BCB424 /* ForgotPassword.xib */ = {isa = PBXFileReference; lastKnownFileType = file.xib; path = ForgotPassword.xib; sourceTree = "<group>"; };
		1780C82C280A639800BCB424 /* ForgotPassword.swift */ = {isa = PBXFileReference; lastKnownFileType = sourcecode.swift; path = ForgotPassword.swift; sourceTree = "<group>"; };
		1780C82E280A660C00BCB424 /* ForgotPasswordViewController.swift */ = {isa = PBXFileReference; lastKnownFileType = sourcecode.swift; path = ForgotPasswordViewController.swift; sourceTree = "<group>"; };
		1780C831280A67BA00BCB424 /* Message.xib */ = {isa = PBXFileReference; lastKnownFileType = file.xib; path = Message.xib; sourceTree = "<group>"; };
		1780C833280A6F3D00BCB424 /* Message.swift */ = {isa = PBXFileReference; lastKnownFileType = sourcecode.swift; path = Message.swift; sourceTree = "<group>"; };
		1780C835280A738800BCB424 /* UserAvatarCell.swift */ = {isa = PBXFileReference; lastKnownFileType = sourcecode.swift; path = UserAvatarCell.swift; sourceTree = "<group>"; };
		1780C836280A738800BCB424 /* UserAvatarCell.xib */ = {isa = PBXFileReference; lastKnownFileType = file.xib; path = UserAvatarCell.xib; sourceTree = "<group>"; };
		1780C839280A8EC600BCB424 /* MessageCell.swift */ = {isa = PBXFileReference; lastKnownFileType = sourcecode.swift; path = MessageCell.swift; sourceTree = "<group>"; };
		1780C83A280A8EC600BCB424 /* MessageCell.xib */ = {isa = PBXFileReference; lastKnownFileType = file.xib; path = MessageCell.xib; sourceTree = "<group>"; };
		17A90F0027FE746A0068B0A4 /* chatApp_clone.app */ = {isa = PBXFileReference; explicitFileType = wrapper.application; includeInIndex = 0; path = chatApp_clone.app; sourceTree = BUILT_PRODUCTS_DIR; };
		17A90F0327FE746A0068B0A4 /* AppDelegate.swift */ = {isa = PBXFileReference; lastKnownFileType = sourcecode.swift; path = AppDelegate.swift; sourceTree = "<group>"; };
		17A90F0527FE746A0068B0A4 /* SceneDelegate.swift */ = {isa = PBXFileReference; lastKnownFileType = sourcecode.swift; path = SceneDelegate.swift; sourceTree = "<group>"; };
		17A90F0727FE746A0068B0A4 /* LoginController.swift */ = {isa = PBXFileReference; lastKnownFileType = sourcecode.swift; path = LoginController.swift; sourceTree = "<group>"; };
		17A90F0A27FE746A0068B0A4 /* Base */ = {isa = PBXFileReference; lastKnownFileType = file.storyboard; name = Base; path = Base.lproj/Main.storyboard; sourceTree = "<group>"; };
		17A90F0D27FE746A0068B0A4 /* chatApp_clone.xcdatamodel */ = {isa = PBXFileReference; lastKnownFileType = wrapper.xcdatamodel; path = chatApp_clone.xcdatamodel; sourceTree = "<group>"; };
		17A90F0F27FE746E0068B0A4 /* Assets.xcassets */ = {isa = PBXFileReference; lastKnownFileType = folder.assetcatalog; path = Assets.xcassets; sourceTree = "<group>"; };
		17A90F1227FE746E0068B0A4 /* Base */ = {isa = PBXFileReference; lastKnownFileType = file.storyboard; name = Base; path = Base.lproj/LaunchScreen.storyboard; sourceTree = "<group>"; };
		17A90F1427FE746E0068B0A4 /* Info.plist */ = {isa = PBXFileReference; lastKnownFileType = text.plist.xml; path = Info.plist; sourceTree = "<group>"; };
		17A90F1A27FE784C0068B0A4 /* LaunchScreen.swift */ = {isa = PBXFileReference; lastKnownFileType = sourcecode.swift; path = LaunchScreen.swift; sourceTree = "<group>"; };
		17A90F1F27FE7D0E0068B0A4 /* LanchingScreen.xib */ = {isa = PBXFileReference; lastKnownFileType = file.xib; path = LanchingScreen.xib; sourceTree = "<group>"; };
		17A90F2227FE8A4C0068B0A4 /* Login.xib */ = {isa = PBXFileReference; lastKnownFileType = file.xib; path = Login.xib; sourceTree = "<group>"; };
		17BE2FEC2800901300F7800E /* Login.swift */ = {isa = PBXFileReference; lastKnownFileType = sourcecode.swift; path = Login.swift; sourceTree = "<group>"; };
		17BE2FEE2800954C00F7800E /* Extension.swift */ = {isa = PBXFileReference; lastKnownFileType = sourcecode.swift; path = Extension.swift; sourceTree = "<group>"; };
		17BE2FF12803D72600F7800E /* LaunchingController.swift */ = {isa = PBXFileReference; lastKnownFileType = sourcecode.swift; path = LaunchingController.swift; sourceTree = "<group>"; };
		17BE2FF32803D73C00F7800E /* MenuController.swift */ = {isa = PBXFileReference; lastKnownFileType = sourcecode.swift; path = MenuController.swift; sourceTree = "<group>"; };
		17BE2FF62803DDAF00F7800E /* Register.xib */ = {isa = PBXFileReference; lastKnownFileType = file.xib; path = Register.xib; sourceTree = "<group>"; };
		17BE2FF828050A9000F7800E /* Register.swift */ = {isa = PBXFileReference; lastKnownFileType = sourcecode.swift; path = Register.swift; sourceTree = "<group>"; };
/* End PBXFileReference section */

/* Begin PBXFrameworksBuildPhase section */
		17A90EFD27FE746A0068B0A4 /* Frameworks */ = {
			isa = PBXFrameworksBuildPhase;
			buildActionMask = 2147483647;
			files = (
			);
			runOnlyForDeploymentPostprocessing = 0;
		};
/* End PBXFrameworksBuildPhase section */

/* Begin PBXGroup section */
		1780C829280A629F00BCB424 /* Reset Password */ = {
			isa = PBXGroup;
			children = (
				1780C82A280A638A00BCB424 /* ForgotPassword.xib */,
				1780C82C280A639800BCB424 /* ForgotPassword.swift */,
			);
			path = "Reset Password";
			sourceTree = "<group>";
		};
		1780C830280A670600BCB424 /* Message */ = {
			isa = PBXGroup;
			children = (
				1780C831280A67BA00BCB424 /* Message.xib */,
				1780C833280A6F3D00BCB424 /* Message.swift */,
				1780C835280A738800BCB424 /* UserAvatarCell.swift */,
				1780C836280A738800BCB424 /* UserAvatarCell.xib */,
				1780C839280A8EC600BCB424 /* MessageCell.swift */,
				1780C83A280A8EC600BCB424 /* MessageCell.xib */,
			);
			path = Message;
			sourceTree = "<group>";
		};
		17A90EF727FE746A0068B0A4 = {
			isa = PBXGroup;
			children = (
				17A90F0227FE746A0068B0A4 /* chatApp_clone */,
				17A90F0127FE746A0068B0A4 /* Products */,
			);
			sourceTree = "<group>";
		};
		17A90F0127FE746A0068B0A4 /* Products */ = {
			isa = PBXGroup;
			children = (
				17A90F0027FE746A0068B0A4 /* chatApp_clone.app */,
			);
			name = Products;
			sourceTree = "<group>";
		};
		17A90F0227FE746A0068B0A4 /* chatApp_clone */ = {
			isa = PBXGroup;
			children = (
				17BE2FF02803D68400F7800E /* Controller */,
				17A90F1C27FE7C8F0068B0A4 /* View */,
				17A90F0327FE746A0068B0A4 /* AppDelegate.swift */,
				17A90F0527FE746A0068B0A4 /* SceneDelegate.swift */,
				17A90F0927FE746A0068B0A4 /* Main.storyboard */,
				17A90F0F27FE746E0068B0A4 /* Assets.xcassets */,
				17A90F1127FE746E0068B0A4 /* LaunchScreen.storyboard */,
				17A90F1427FE746E0068B0A4 /* Info.plist */,
				17A90F0C27FE746A0068B0A4 /* chatApp_clone.xcdatamodeld */,
				17A90F1A27FE784C0068B0A4 /* LaunchScreen.swift */,
			);
			path = chatApp_clone;
			sourceTree = "<group>";
		};
		17A90F1C27FE7C8F0068B0A4 /* View */ = {
			isa = PBXGroup;
			children = (
				1780C830280A670600BCB424 /* Message */,
				1780C829280A629F00BCB424 /* Reset Password */,
				17BE2FF52803DD2100F7800E /* Register */,
				17A90F2427FE8A580068B0A4 /* Login */,
				17A90F2127FE87B10068B0A4 /* LaunchingScreen */,
				17BE2FEE2800954C00F7800E /* Extension.swift */,
			);
			path = View;
			sourceTree = "<group>";
		};
		17A90F2127FE87B10068B0A4 /* LaunchingScreen */ = {
			isa = PBXGroup;
			children = (
				17A90F1F27FE7D0E0068B0A4 /* LanchingScreen.xib */,
			);
			path = LaunchingScreen;
			sourceTree = "<group>";
		};
		17A90F2427FE8A580068B0A4 /* Login */ = {
			isa = PBXGroup;
			children = (
				17A90F2227FE8A4C0068B0A4 /* Login.xib */,
				17BE2FEC2800901300F7800E /* Login.swift */,
			);
			path = Login;
			sourceTree = "<group>";
		};
		17BE2FF02803D68400F7800E /* Controller */ = {
			isa = PBXGroup;
			children = (
				17A90F0727FE746A0068B0A4 /* LoginController.swift */,
				17BE2FF12803D72600F7800E /* LaunchingController.swift */,
				17BE2FF32803D73C00F7800E /* MenuController.swift */,
				1773B606280A4FF3008DBCEE /* RegisterViewController.swift */,
				1780C82E280A660C00BCB424 /* ForgotPasswordViewController.swift */,
			);
			path = Controller;
			sourceTree = "<group>";
		};
		17BE2FF52803DD2100F7800E /* Register */ = {
			isa = PBXGroup;
			children = (
				17BE2FF62803DDAF00F7800E /* Register.xib */,
				17BE2FF828050A9000F7800E /* Register.swift */,
			);
			path = Register;
			sourceTree = "<group>";
		};
/* End PBXGroup section */

/* Begin PBXNativeTarget section */
		17A90EFF27FE746A0068B0A4 /* chatApp_clone */ = {
			isa = PBXNativeTarget;
			buildConfigurationList = 17A90F1727FE746E0068B0A4 /* Build configuration list for PBXNativeTarget "chatApp_clone" */;
			buildPhases = (
				17A90EFC27FE746A0068B0A4 /* Sources */,
				17A90EFD27FE746A0068B0A4 /* Frameworks */,
				17A90EFE27FE746A0068B0A4 /* Resources */,
			);
			buildRules = (
			);
			dependencies = (
			);
			name = chatApp_clone;
			productName = chatApp_clone;
			productReference = 17A90F0027FE746A0068B0A4 /* chatApp_clone.app */;
			productType = "com.apple.product-type.application";
		};
/* End PBXNativeTarget section */

/* Begin PBXProject section */
		17A90EF827FE746A0068B0A4 /* Project object */ = {
			isa = PBXProject;
			attributes = {
				BuildIndependentTargetsInParallel = 1;
				LastSwiftUpdateCheck = 1320;
				LastUpgradeCheck = 1320;
				TargetAttributes = {
					17A90EFF27FE746A0068B0A4 = {
						CreatedOnToolsVersion = 13.2.1;
					};
				};
			};
			buildConfigurationList = 17A90EFB27FE746A0068B0A4 /* Build configuration list for PBXProject "chatApp_clone" */;
			compatibilityVersion = "Xcode 13.0";
			developmentRegion = en;
			hasScannedForEncodings = 0;
			knownRegions = (
				en,
				Base,
			);
			mainGroup = 17A90EF727FE746A0068B0A4;
			productRefGroup = 17A90F0127FE746A0068B0A4 /* Products */;
			projectDirPath = "";
			projectRoot = "";
			targets = (
				17A90EFF27FE746A0068B0A4 /* chatApp_clone */,
			);
		};
/* End PBXProject section */

/* Begin PBXResourcesBuildPhase section */
		17A90EFE27FE746A0068B0A4 /* Resources */ = {
			isa = PBXResourcesBuildPhase;
			buildActionMask = 2147483647;
			files = (
				17A90F1327FE746E0068B0A4 /* LaunchScreen.storyboard in Resources */,
				17A90F1027FE746E0068B0A4 /* Assets.xcassets in Resources */,
				17A90F0B27FE746A0068B0A4 /* Main.storyboard in Resources */,
				17A90F2027FE7D0F0068B0A4 /* LanchingScreen.xib in Resources */,
				1780C82B280A638A00BCB424 /* ForgotPassword.xib in Resources */,
				1780C83C280A8EC600BCB424 /* MessageCell.xib in Resources */,
				1780C838280A738800BCB424 /* UserAvatarCell.xib in Resources */,
				1780C832280A67BA00BCB424 /* Message.xib in Resources */,
				17BE2FF72803DDAF00F7800E /* Register.xib in Resources */,
				17A90F2327FE8A4C0068B0A4 /* Login.xib in Resources */,
			);
			runOnlyForDeploymentPostprocessing = 0;
		};
/* End PBXResourcesBuildPhase section */

/* Begin PBXSourcesBuildPhase section */
		17A90EFC27FE746A0068B0A4 /* Sources */ = {
			isa = PBXSourcesBuildPhase;
			buildActionMask = 2147483647;
			files = (
				1780C837280A738800BCB424 /* UserAvatarCell.swift in Sources */,
				1780C83B280A8EC600BCB424 /* MessageCell.swift in Sources */,
				17A90F0827FE746A0068B0A4 /* LoginController.swift in Sources */,
				1773B607280A4FF4008DBCEE /* RegisterViewController.swift in Sources */,
				17BE2FF42803D73C00F7800E /* MenuController.swift in Sources */,
				17BE2FF22803D72600F7800E /* LaunchingController.swift in Sources */,
				17A90F0427FE746A0068B0A4 /* AppDelegate.swift in Sources */,
				17BE2FF928050A9100F7800E /* Register.swift in Sources */,
				17BE2FEF2800954D00F7800E /* Extension.swift in Sources */,
				17A90F1B27FE784C0068B0A4 /* LaunchScreen.swift in Sources */,
				17BE2FED2800901300F7800E /* Login.swift in Sources */,
				17A90F0627FE746A0068B0A4 /* SceneDelegate.swift in Sources */,
				1780C82F280A660C00BCB424 /* ForgotPasswordViewController.swift in Sources */,
				17A90F0E27FE746A0068B0A4 /* chatApp_clone.xcdatamodeld in Sources */,
				1780C82D280A639800BCB424 /* ForgotPassword.swift in Sources */,
				1780C834280A6F3D00BCB424 /* Message.swift in Sources */,
			);
			runOnlyForDeploymentPostprocessing = 0;
		};
/* End PBXSourcesBuildPhase section */

/* Begin PBXVariantGroup section */
		17A90F0927FE746A0068B0A4 /* Main.storyboard */ = {
			isa = PBXVariantGroup;
			children = (
				17A90F0A27FE746A0068B0A4 /* Base */,
			);
			name = Main.storyboard;
			sourceTree = "<group>";
		};
		17A90F1127FE746E0068B0A4 /* LaunchScreen.storyboard */ = {
			isa = PBXVariantGroup;
			children = (
				17A90F1227FE746E0068B0A4 /* Base */,
			);
			name = LaunchScreen.storyboard;
			sourceTree = "<group>";
		};
/* End PBXVariantGroup section */

/* Begin XCBuildConfiguration section */
		17A90F1527FE746E0068B0A4 /* Debug */ = {
			isa = XCBuildConfiguration;
			buildSettings = {
				ALWAYS_SEARCH_USER_PATHS = NO;
				CLANG_ANALYZER_NONNULL = YES;
				CLANG_ANALYZER_NUMBER_OBJECT_CONVERSION = YES_AGGRESSIVE;
				CLANG_CXX_LANGUAGE_STANDARD = "gnu++17";
				CLANG_CXX_LIBRARY = "libc++";
				CLANG_ENABLE_MODULES = YES;
				CLANG_ENABLE_OBJC_ARC = YES;
				CLANG_ENABLE_OBJC_WEAK = YES;
				CLANG_WARN_BLOCK_CAPTURE_AUTORELEASING = YES;
				CLANG_WARN_BOOL_CONVERSION = YES;
				CLANG_WARN_COMMA = YES;
				CLANG_WARN_CONSTANT_CONVERSION = YES;
				CLANG_WARN_DEPRECATED_OBJC_IMPLEMENTATIONS = YES;
				CLANG_WARN_DIRECT_OBJC_ISA_USAGE = YES_ERROR;
				CLANG_WARN_DOCUMENTATION_COMMENTS = YES;
				CLANG_WARN_EMPTY_BODY = YES;
				CLANG_WARN_ENUM_CONVERSION = YES;
				CLANG_WARN_INFINITE_RECURSION = YES;
				CLANG_WARN_INT_CONVERSION = YES;
				CLANG_WARN_NON_LITERAL_NULL_CONVERSION = YES;
				CLANG_WARN_OBJC_IMPLICIT_RETAIN_SELF = YES;
				CLANG_WARN_OBJC_LITERAL_CONVERSION = YES;
				CLANG_WARN_OBJC_ROOT_CLASS = YES_ERROR;
				CLANG_WARN_QUOTED_INCLUDE_IN_FRAMEWORK_HEADER = YES;
				CLANG_WARN_RANGE_LOOP_ANALYSIS = YES;
				CLANG_WARN_STRICT_PROTOTYPES = YES;
				CLANG_WARN_SUSPICIOUS_MOVE = YES;
				CLANG_WARN_UNGUARDED_AVAILABILITY = YES_AGGRESSIVE;
				CLANG_WARN_UNREACHABLE_CODE = YES;
				CLANG_WARN__DUPLICATE_METHOD_MATCH = YES;
				COPY_PHASE_STRIP = NO;
				DEBUG_INFORMATION_FORMAT = dwarf;
				ENABLE_STRICT_OBJC_MSGSEND = YES;
				ENABLE_TESTABILITY = YES;
				GCC_C_LANGUAGE_STANDARD = gnu11;
				GCC_DYNAMIC_NO_PIC = NO;
				GCC_NO_COMMON_BLOCKS = YES;
				GCC_OPTIMIZATION_LEVEL = 0;
				GCC_PREPROCESSOR_DEFINITIONS = (
					"DEBUG=1",
					"$(inherited)",
				);
				GCC_WARN_64_TO_32_BIT_CONVERSION = YES;
				GCC_WARN_ABOUT_RETURN_TYPE = YES_ERROR;
				GCC_WARN_UNDECLARED_SELECTOR = YES;
				GCC_WARN_UNINITIALIZED_AUTOS = YES_AGGRESSIVE;
				GCC_WARN_UNUSED_FUNCTION = YES;
				GCC_WARN_UNUSED_VARIABLE = YES;
				IPHONEOS_DEPLOYMENT_TARGET = 15.2;
				MTL_ENABLE_DEBUG_INFO = INCLUDE_SOURCE;
				MTL_FAST_MATH = YES;
				ONLY_ACTIVE_ARCH = YES;
				SDKROOT = iphoneos;
				SWIFT_ACTIVE_COMPILATION_CONDITIONS = DEBUG;
				SWIFT_OPTIMIZATION_LEVEL = "-Onone";
			};
			name = Debug;
		};
		17A90F1627FE746E0068B0A4 /* Release */ = {
			isa = XCBuildConfiguration;
			buildSettings = {
				ALWAYS_SEARCH_USER_PATHS = NO;
				CLANG_ANALYZER_NONNULL = YES;
				CLANG_ANALYZER_NUMBER_OBJECT_CONVERSION = YES_AGGRESSIVE;
				CLANG_CXX_LANGUAGE_STANDARD = "gnu++17";
				CLANG_CXX_LIBRARY = "libc++";
				CLANG_ENABLE_MODULES = YES;
				CLANG_ENABLE_OBJC_ARC = YES;
				CLANG_ENABLE_OBJC_WEAK = YES;
				CLANG_WARN_BLOCK_CAPTURE_AUTORELEASING = YES;
				CLANG_WARN_BOOL_CONVERSION = YES;
				CLANG_WARN_COMMA = YES;
				CLANG_WARN_CONSTANT_CONVERSION = YES;
				CLANG_WARN_DEPRECATED_OBJC_IMPLEMENTATIONS = YES;
				CLANG_WARN_DIRECT_OBJC_ISA_USAGE = YES_ERROR;
				CLANG_WARN_DOCUMENTATION_COMMENTS = YES;
				CLANG_WARN_EMPTY_BODY = YES;
				CLANG_WARN_ENUM_CONVERSION = YES;
				CLANG_WARN_INFINITE_RECURSION = YES;
				CLANG_WARN_INT_CONVERSION = YES;
				CLANG_WARN_NON_LITERAL_NULL_CONVERSION = YES;
				CLANG_WARN_OBJC_IMPLICIT_RETAIN_SELF = YES;
				CLANG_WARN_OBJC_LITERAL_CONVERSION = YES;
				CLANG_WARN_OBJC_ROOT_CLASS = YES_ERROR;
				CLANG_WARN_QUOTED_INCLUDE_IN_FRAMEWORK_HEADER = YES;
				CLANG_WARN_RANGE_LOOP_ANALYSIS = YES;
				CLANG_WARN_STRICT_PROTOTYPES = YES;
				CLANG_WARN_SUSPICIOUS_MOVE = YES;
				CLANG_WARN_UNGUARDED_AVAILABILITY = YES_AGGRESSIVE;
				CLANG_WARN_UNREACHABLE_CODE = YES;
				CLANG_WARN__DUPLICATE_METHOD_MATCH = YES;
				COPY_PHASE_STRIP = NO;
				DEBUG_INFORMATION_FORMAT = "dwarf-with-dsym";
				ENABLE_NS_ASSERTIONS = NO;
				ENABLE_STRICT_OBJC_MSGSEND = YES;
				GCC_C_LANGUAGE_STANDARD = gnu11;
				GCC_NO_COMMON_BLOCKS = YES;
				GCC_WARN_64_TO_32_BIT_CONVERSION = YES;
				GCC_WARN_ABOUT_RETURN_TYPE = YES_ERROR;
				GCC_WARN_UNDECLARED_SELECTOR = YES;
				GCC_WARN_UNINITIALIZED_AUTOS = YES_AGGRESSIVE;
				GCC_WARN_UNUSED_FUNCTION = YES;
				GCC_WARN_UNUSED_VARIABLE = YES;
				IPHONEOS_DEPLOYMENT_TARGET = 15.2;
				MTL_ENABLE_DEBUG_INFO = NO;
				MTL_FAST_MATH = YES;
				SDKROOT = iphoneos;
				SWIFT_COMPILATION_MODE = wholemodule;
				SWIFT_OPTIMIZATION_LEVEL = "-O";
				VALIDATE_PRODUCT = YES;
			};
			name = Release;
		};
		17A90F1827FE746E0068B0A4 /* Debug */ = {
			isa = XCBuildConfiguration;
			buildSettings = {
				ASSETCATALOG_COMPILER_APPICON_NAME = AppIcon;
				ASSETCATALOG_COMPILER_GLOBAL_ACCENT_COLOR_NAME = AccentColor;
				CODE_SIGN_STYLE = Automatic;
				CURRENT_PROJECT_VERSION = 1;
				DEVELOPMENT_TEAM = 56A4FLT79R;
				GENERATE_INFOPLIST_FILE = YES;
				INFOPLIST_FILE = chatApp_clone/Info.plist;
				INFOPLIST_KEY_UIApplicationSupportsIndirectInputEvents = YES;
				INFOPLIST_KEY_UILaunchStoryboardName = LaunchScreen;
				INFOPLIST_KEY_UIMainStoryboardFile = Main;
				INFOPLIST_KEY_UISupportedInterfaceOrientations_iPad = "UIInterfaceOrientationPortrait UIInterfaceOrientationPortraitUpsideDown UIInterfaceOrientationLandscapeLeft UIInterfaceOrientationLandscapeRight";
				INFOPLIST_KEY_UISupportedInterfaceOrientations_iPhone = "UIInterfaceOrientationPortrait UIInterfaceOrientationLandscapeLeft UIInterfaceOrientationLandscapeRight";
				LD_RUNPATH_SEARCH_PATHS = (
					"$(inherited)",
					"@executable_path/Frameworks",
				);
				MARKETING_VERSION = 1.0;
				PRODUCT_BUNDLE_IDENTIFIER = "Myapp.chatApp-clone";
				PRODUCT_NAME = "$(TARGET_NAME)";
				SWIFT_EMIT_LOC_STRINGS = YES;
				SWIFT_VERSION = 5.0;
				TARGETED_DEVICE_FAMILY = "1,2";
			};
			name = Debug;
		};
		17A90F1927FE746E0068B0A4 /* Release */ = {
			isa = XCBuildConfiguration;
			buildSettings = {
				ASSETCATALOG_COMPILER_APPICON_NAME = AppIcon;
				ASSETCATALOG_COMPILER_GLOBAL_ACCENT_COLOR_NAME = AccentColor;
				CODE_SIGN_STYLE = Automatic;
				CURRENT_PROJECT_VERSION = 1;
				DEVELOPMENT_TEAM = 56A4FLT79R;
				GENERATE_INFOPLIST_FILE = YES;
				INFOPLIST_FILE = chatApp_clone/Info.plist;
				INFOPLIST_KEY_UIApplicationSupportsIndirectInputEvents = YES;
				INFOPLIST_KEY_UILaunchStoryboardName = LaunchScreen;
				INFOPLIST_KEY_UIMainStoryboardFile = Main;
				INFOPLIST_KEY_UISupportedInterfaceOrientations_iPad = "UIInterfaceOrientationPortrait UIInterfaceOrientationPortraitUpsideDown UIInterfaceOrientationLandscapeLeft UIInterfaceOrientationLandscapeRight";
				INFOPLIST_KEY_UISupportedInterfaceOrientations_iPhone = "UIInterfaceOrientationPortrait UIInterfaceOrientationLandscapeLeft UIInterfaceOrientationLandscapeRight";
				LD_RUNPATH_SEARCH_PATHS = (
					"$(inherited)",
					"@executable_path/Frameworks",
				);
				MARKETING_VERSION = 1.0;
				PRODUCT_BUNDLE_IDENTIFIER = "Myapp.chatApp-clone";
				PRODUCT_NAME = "$(TARGET_NAME)";
				SWIFT_EMIT_LOC_STRINGS = YES;
				SWIFT_VERSION = 5.0;
				TARGETED_DEVICE_FAMILY = "1,2";
			};
			name = Release;
		};
/* End XCBuildConfiguration section */

/* Begin XCConfigurationList section */
		17A90EFB27FE746A0068B0A4 /* Build configuration list for PBXProject "chatApp_clone" */ = {
			isa = XCConfigurationList;
			buildConfigurations = (
				17A90F1527FE746E0068B0A4 /* Debug */,
				17A90F1627FE746E0068B0A4 /* Release */,
			);
			defaultConfigurationIsVisible = 0;
			defaultConfigurationName = Release;
		};
		17A90F1727FE746E0068B0A4 /* Build configuration list for PBXNativeTarget "chatApp_clone" */ = {
			isa = XCConfigurationList;
			buildConfigurations = (
				17A90F1827FE746E0068B0A4 /* Debug */,
				17A90F1927FE746E0068B0A4 /* Release */,
			);
			defaultConfigurationIsVisible = 0;
			defaultConfigurationName = Release;
		};
/* End XCConfigurationList section */

/* Begin XCVersionGroup section */
		17A90F0C27FE746A0068B0A4 /* chatApp_clone.xcdatamodeld */ = {
			isa = XCVersionGroup;
			children = (
				17A90F0D27FE746A0068B0A4 /* chatApp_clone.xcdatamodel */,
			);
			currentVersion = 17A90F0D27FE746A0068B0A4 /* chatApp_clone.xcdatamodel */;
			path = chatApp_clone.xcdatamodeld;
			sourceTree = "<group>";
			versionGroupType = wrapper.xcdatamodel;
		};
/* End XCVersionGroup section */
	};
	rootObject = 17A90EF827FE746A0068B0A4 /* Project object */;
}
